
Microsoft Visual Studio Solution File, Format Version 12.00
# Visual Studio Version 17
VisualStudioVersion = 17.7.34202.233
MinimumVisualStudioVersion = 10.0.40219.1
Project("{FAE04EC0-301F-11D3-BF4B-00C04F79EFBC}") = "AOIS", "AOIS.csproj", "{E1776955-B593-4E5C-A24A-076B0BE1CD81}"
EndProject
Global
	GlobalSection(SolutionConfigurationPlatforms) = preSolution
		Debug|Any CPU = Debug|Any CPU
		Release|Any CPU = Release|Any CPU
	EndGlobalSection
	GlobalSection(ProjectConfigurationPlatforms) = postSolution
		{E1776955-B593-4E5C-A24A-076B0BE1CD81}.Debug|Any CPU.ActiveCfg = Debug|Any CPU
		{E1776955-B593-4E5C-A24A-076B0BE1CD81}.Debug|Any CPU.Build.0 = Debug|Any CPU
		{E1776955-B593-4E5C-A24A-076B0BE1CD81}.Release|Any CPU.ActiveCfg = Release|Any CPU
		{E1776955-B593-4E5C-A24A-076B0BE1CD81}.Release|Any CPU.Build.0 = Release|Any CPU
	EndGlobalSection
	GlobalSection(SolutionProperties) = preSolution
		HideSolutionNode = FALSE
	EndGlobalSection
	GlobalSection(ExtensibilityGlobals) = postSolution
		SolutionGuid = {08136E55-C67C-40CF-9363-A1656F02CF18}
	EndGlobalSection
EndGlobal
